{
  "requires": true,
  "lockfileVersion": 1,
  "dependencies": {
    "marked": {
      "version": "4.0.16",
      "resolved": "https://registry.npmmirror.com/marked/-/marked-4.0.16.tgz",
      "integrity": "sha512-wahonIQ5Jnyatt2fn8KqF/nIqZM8mh3oRu2+l5EANGMhu6RFjiSG52QNE2eWzFMI94HqYSgN184NurgNG6CztA=="
    }
  }
}
